
Microsoft Visual Studio Solution File, Format Version 12.00
# Visual Studio Version 17
VisualStudioVersion = 17.5.33502.453
MinimumVisualStudioVersion = 10.0.40219.1
Project("{FAE04EC0-301F-11D3-BF4B-00C04F79EFBC}") = "FileIoDemo", "FileIoDemo.csproj", "{BAB7AFD8-0576-4745-9DC7-101901DC68D6}"
EndProject
Project("{FAE04EC0-301F-11D3-BF4B-00C04F79EFBC}") = "SerializationDemo", "..\SerializationDemo\SerializationDemo.csproj", "{B760BC76-0AE3-4C95-B8BB-C684586EA7B5}"
EndProject
Global
	GlobalSection(SolutionConfigurationPlatforms) = preSolution
		Debug|Any CPU = Debug|Any CPU
		Release|Any CPU = Release|Any CPU
	EndGlobalSection
	GlobalSection(ProjectConfigurationPlatforms) = postSolution
		{BAB7AFD8-0576-4745-9DC7-101901DC68D6}.Debug|Any CPU.ActiveCfg = Debug|Any CPU
		{BAB7AFD8-0576-4745-9DC7-101901DC68D6}.Debug|Any CPU.Build.0 = Debug|Any CPU
		{BAB7AFD8-0576-4745-9DC7-101901DC68D6}.Release|Any CPU.ActiveCfg = Release|Any CPU
		{BAB7AFD8-0576-4745-9DC7-101901DC68D6}.Release|Any CPU.Build.0 = Release|Any CPU
		{B760BC76-0AE3-4C95-B8BB-C684586EA7B5}.Debug|Any CPU.ActiveCfg = Debug|Any CPU
		{B760BC76-0AE3-4C95-B8BB-C684586EA7B5}.Debug|Any CPU.Build.0 = Debug|Any CPU
		{B760BC76-0AE3-4C95-B8BB-C684586EA7B5}.Release|Any CPU.ActiveCfg = Release|Any CPU
		{B760BC76-0AE3-4C95-B8BB-C684586EA7B5}.Release|Any CPU.Build.0 = Release|Any CPU
	EndGlobalSection
	GlobalSection(SolutionProperties) = preSolution
		HideSolutionNode = FALSE
	EndGlobalSection
	GlobalSection(ExtensibilityGlobals) = postSolution
		SolutionGuid = {525938AA-2AFE-4FD1-A859-15ACEF961B2E}
	EndGlobalSection
EndGlobal
